
Microsoft Visual Studio Solution File, Format Version 12.00
# Visual Studio Version 16
VisualStudioVersion = 16.0.29424.173
MinimumVisualStudioVersion = 10.0.40219.1
Project("{9A19103F-16F7-4668-BE54-9A1E7A4F7556}") = "MiTestAspIdentity.Web", "MiTestAspIdentity.Web\MiTestAspIdentity.Web.csproj", "{5A22DF64-4BA2-4348-A86F-ACF9C65E2FF3}"
EndProject
Project("{FAE04EC0-301F-11D3-BF4B-00C04F79EFBC}") = "MiTestAspIdentity.SQL", "MiTestAspIdentity.SQL\MiTestAspIdentity.SQL.csproj", "{27ED8752-D549-4ADD-940C-48B8ABCF24D8}"
EndProject
Global
	GlobalSection(SolutionConfigurationPlatforms) = preSolution
		Debug|Any CPU = Debug|Any CPU
		Release|Any CPU = Release|Any CPU
	EndGlobalSection
	GlobalSection(ProjectConfigurationPlatforms) = postSolution
		{5A22DF64-4BA2-4348-A86F-ACF9C65E2FF3}.Debug|Any CPU.ActiveCfg = Debug|Any CPU
		{5A22DF64-4BA2-4348-A86F-ACF9C65E2FF3}.Debug|Any CPU.Build.0 = Debug|Any CPU
		{5A22DF64-4BA2-4348-A86F-ACF9C65E2FF3}.Release|Any CPU.ActiveCfg = Release|Any CPU
		{5A22DF64-4BA2-4348-A86F-ACF9C65E2FF3}.Release|Any CPU.Build.0 = Release|Any CPU
		{27ED8752-D549-4ADD-940C-48B8ABCF24D8}.Debug|Any CPU.ActiveCfg = Debug|Any CPU
		{27ED8752-D549-4ADD-940C-48B8ABCF24D8}.Debug|Any CPU.Build.0 = Debug|Any CPU
		{27ED8752-D549-4ADD-940C-48B8ABCF24D8}.Release|Any CPU.ActiveCfg = Release|Any CPU
		{27ED8752-D549-4ADD-940C-48B8ABCF24D8}.Release|Any CPU.Build.0 = Release|Any CPU
	EndGlobalSection
	GlobalSection(SolutionProperties) = preSolution
		HideSolutionNode = FALSE
	EndGlobalSection
	GlobalSection(ExtensibilityGlobals) = postSolution
		SolutionGuid = {38150A6F-CF2A-4CCA-BA59-3A3E3136ACB3}
	EndGlobalSection
EndGlobal
